{
  "originHash" : "0b599149c3a3f122a746c56d9ec95c67cff7e6745c72b4ac43bc09de5572f0b0",
  "pins" : [
    {
      "identity" : "openssl",
      "kind" : "remoteSourceControl",
      "location" : "https://github.com/krzyzanowskim/OpenSSL",
      "state" : {
        "revision" : "623c84da314e85363236507ca38a4bde65df21c3",
        "version" : "3.3.3001"
      }
    }
  ],
  "version" : 3
}
