{
  "originHash" : "66ebdf0bff2ff23972a5ce6cd21b452da52f6eac3d5a5bf4e83f5644bc862101",
  "pins" : [
    {
      "identity" : "machokit",
      "kind" : "remoteSourceControl",
      "location" : "https://github.com/p-x9/MachOKit",
      "state" : {
        "revision" : "62d22e1ecef3dda702c039f03dd83f674ad59bfc",
        "version" : "0.30.0"
      }
    },
    {
      "identity" : "openssl",
      "kind" : "remoteSourceControl",
      "location" : "https://github.com/krzyzanowskim/OpenSSL",
      "state" : {
        "revision" : "623c84da314e85363236507ca38a4bde65df21c3",
        "version" : "3.3.3001"
      }
    }
  ],
  "version" : 3
}
